
Microsoft Visual Studio Solution File, Format Version 12.00
# Visual Studio 15
VisualStudioVersion = 15.0.27130.2024
MinimumVisualStudioVersion = 10.0.40219.1
Project("{FAE04EC0-301F-11D3-BF4B-00C04F79EFBC}") = "EasyLocalization", "EasyLocalization\EasyLocalization.csproj", "{F6F61592-661C-4B9A-989C-940BC6ADA3F2}"
EndProject
Project("{FAE04EC0-301F-11D3-BF4B-00C04F79EFBC}") = "EasyLocalization.Demo", "EasyLocalization.Demo\EasyLocalization.Demo.csproj", "{BDB44918-6550-4F73-956A-7AE1CBBE200C}"
EndProject
Global
	GlobalSection(SolutionConfigurationPlatforms) = preSolution
		Debug|Any CPU = Debug|Any CPU
		Release|Any CPU = Release|Any CPU
	EndGlobalSection
	GlobalSection(ProjectConfigurationPlatforms) = postSolution
		{F6F61592-661C-4B9A-989C-940BC6ADA3F2}.Debug|Any CPU.ActiveCfg = Debug|Any CPU
		{F6F61592-661C-4B9A-989C-940BC6ADA3F2}.Debug|Any CPU.Build.0 = Debug|Any CPU
		{F6F61592-661C-4B9A-989C-940BC6ADA3F2}.Release|Any CPU.ActiveCfg = Release|Any CPU
		{F6F61592-661C-4B9A-989C-940BC6ADA3F2}.Release|Any CPU.Build.0 = Release|Any CPU
		{BDB44918-6550-4F73-956A-7AE1CBBE200C}.Debug|Any CPU.ActiveCfg = Debug|Any CPU
		{BDB44918-6550-4F73-956A-7AE1CBBE200C}.Debug|Any CPU.Build.0 = Debug|Any CPU
		{BDB44918-6550-4F73-956A-7AE1CBBE200C}.Release|Any CPU.ActiveCfg = Release|Any CPU
		{BDB44918-6550-4F73-956A-7AE1CBBE200C}.Release|Any CPU.Build.0 = Release|Any CPU
	EndGlobalSection
	GlobalSection(SolutionProperties) = preSolution
		HideSolutionNode = FALSE
	EndGlobalSection
	GlobalSection(ExtensibilityGlobals) = postSolution
		SolutionGuid = {7C5CB8F0-1823-4CAC-839C-14B7B083CE5E}
	EndGlobalSection
EndGlobal
